// !$*UTF8*$!
{
	archiveVersion = 1;
	classes = {
	};
	objectVersion = 56;
	objects = {

/* Begin PBXBuildFile section */
		23D97D3D290E5C0200EF9E7C /* watchHeartRatePocApp.swift in Sources */ = {isa = PBXBuildFile; fileRef = 23D97D3C290E5C0200EF9E7C /* watchHeartRatePocApp.swift */; };
		23D97D3F290E5C0200EF9E7C /* ContentView.swift in Sources */ = {isa = PBXBuildFile; fileRef = 23D97D3E290E5C0200EF9E7C /* ContentView.swift */; };
		23D97D41290E5C0300EF9E7C /* Assets.xcassets in Resources */ = {isa = PBXBuildFile; fileRef = 23D97D40290E5C0300EF9E7C /* Assets.xcassets */; };
		23D97D44290E5C0300EF9E7C /* Preview Assets.xcassets in Resources */ = {isa = PBXBuildFile; fileRef = 23D97D43290E5C0300EF9E7C /* Preview Assets.xcassets */; };
		23D97D4A290E5C0300EF9E7C /* watchHeartRatePoc Watch App.app in Embed Watch Content */ = {isa = PBXBuildFile; fileRef = 23D97D49290E5C0300EF9E7C /* watchHeartRatePoc Watch App.app */; settings = {ATTRIBUTES = (RemoveHeadersOnCopy, ); }; };
		23D97D4F290E5C0300EF9E7C /* watchHeartRatePocApp.swift in Sources */ = {isa = PBXBuildFile; fileRef = 23D97D4E290E5C0300EF9E7C /* watchHeartRatePocApp.swift */; };
		23D97D51290E5C0300EF9E7C /* ContentView.swift in Sources */ = {isa = PBXBuildFile; fileRef = 23D97D50290E5C0300EF9E7C /* ContentView.swift */; };
		23D97D53290E5C0400EF9E7C /* Assets.xcassets in Resources */ = {isa = PBXBuildFile; fileRef = 23D97D52290E5C0400EF9E7C /* Assets.xcassets */; };
		23D97D56290E5C0400EF9E7C /* Preview Assets.xcassets in Resources */ = {isa = PBXBuildFile; fileRef = 23D97D55290E5C0400EF9E7C /* Preview Assets.xcassets */; };
/* End PBXBuildFile section */

/* Begin PBXContainerItemProxy section */
		23D97D4B290E5C0300EF9E7C /* PBXContainerItemProxy */ = {
			isa = PBXContainerItemProxy;
			containerPortal = 23D97D31290E5C0200EF9E7C /* Project object */;
			proxyType = 1;
			remoteGlobalIDString = 23D97D48290E5C0300EF9E7C;
			remoteInfo = "watchHeartRatePoc Watch App";
		};
/* End PBXContainerItemProxy section */

/* Begin PBXCopyFilesBuildPhase section */
		23D97D5C290E5C0400EF9E7C /* Embed Watch Content */ = {
			isa = PBXCopyFilesBuildPhase;
			buildActionMask = 2147483647;
			dstPath = "$(CONTENTS_FOLDER_PATH)/Watch";
			dstSubfolderSpec = 16;
			files = (
				23D97D4A290E5C0300EF9E7C /* watchHeartRatePoc Watch App.app in Embed Watch Content */,
			);
			name = "Embed Watch Content";
			runOnlyForDeploymentPostprocessing = 0;
		};
/* End PBXCopyFilesBuildPhase section */

/* Begin PBXFileReference section */
		23D97D39290E5C0200EF9E7C /* watchHeartRatePoc.app */ = {isa = PBXFileReference; explicitFileType = wrapper.application; includeInIndex = 0; path = watchHeartRatePoc.app; sourceTree = BUILT_PRODUCTS_DIR; };
		23D97D3C290E5C0200EF9E7C /* watchHeartRatePocApp.swift */ = {isa = PBXFileReference; lastKnownFileType = sourcecode.swift; path = watchHeartRatePocApp.swift; sourceTree = "<group>"; };
		23D97D3E290E5C0200EF9E7C /* ContentView.swift */ = {isa = PBXFileReference; lastKnownFileType = sourcecode.swift; path = ContentView.swift; sourceTree = "<group>"; };
		23D97D40290E5C0300EF9E7C /* Assets.xcassets */ = {isa = PBXFileReference; lastKnownFileType = folder.assetcatalog; path = Assets.xcassets; sourceTree = "<group>"; };
		23D97D43290E5C0300EF9E7C /* Preview Assets.xcassets */ = {isa = PBXFileReference; lastKnownFileType = folder.assetcatalog; path = "Preview Assets.xcassets"; sourceTree = "<group>"; };
		23D97D49290E5C0300EF9E7C /* watchHeartRatePoc Watch App.app */ = {isa = PBXFileReference; explicitFileType = wrapper.application; includeInIndex = 0; path = "watchHeartRatePoc Watch App.app"; sourceTree = BUILT_PRODUCTS_DIR; };
		23D97D4E290E5C0300EF9E7C /* watchHeartRatePocApp.swift */ = {isa = PBXFileReference; lastKnownFileType = sourcecode.swift; path = watchHeartRatePocApp.swift; sourceTree = "<group>"; };
		23D97D50290E5C0300EF9E7C /* ContentView.swift */ = {isa = PBXFileReference; lastKnownFileType = sourcecode.swift; path = ContentView.swift; sourceTree = "<group>"; };
		23D97D52290E5C0400EF9E7C /* Assets.xcassets */ = {isa = PBXFileReference; lastKnownFileType = folder.assetcatalog; path = Assets.xcassets; sourceTree = "<group>"; };
		23D97D55290E5C0400EF9E7C /* Preview Assets.xcassets */ = {isa = PBXFileReference; lastKnownFileType = folder.assetcatalog; path = "Preview Assets.xcassets"; sourceTree = "<group>"; };
/* End PBXFileReference section */

/* Begin PBXFrameworksBuildPhase section */
		23D97D36290E5C0200EF9E7C /* Frameworks */ = {
			isa = PBXFrameworksBuildPhase;
			buildActionMask = 2147483647;
			files = (
			);
			runOnlyForDeploymentPostprocessing = 0;
		};
		23D97D46290E5C0300EF9E7C /* Frameworks */ = {
			isa = PBXFrameworksBuildPhase;
			buildActionMask = 2147483647;
			files = (
			);
			runOnlyForDeploymentPostprocessing = 0;
		};
/* End PBXFrameworksBuildPhase section */

/* Begin PBXGroup section */
		23D97D30290E5C0200EF9E7C = {
			isa = PBXGroup;
			children = (
				23D97D3B290E5C0200EF9E7C /* watchHeartRatePoc */,
				23D97D4D290E5C0300EF9E7C /* watchHeartRatePoc Watch App */,
				23D97D3A290E5C0200EF9E7C /* Products */,
			);
			sourceTree = "<group>";
		};
		23D97D3A290E5C0200EF9E7C /* Products */ = {
			isa = PBXGroup;
			children = (
				23D97D39290E5C0200EF9E7C /* watchHeartRatePoc.app */,
				23D97D49290E5C0300EF9E7C /* watchHeartRatePoc Watch App.app */,
			);
			name = Products;
			sourceTree = "<group>";
		};
		23D97D3B290E5C0200EF9E7C /* watchHeartRatePoc */ = {
			isa = PBXGroup;
			children = (
				23D97D3C290E5C0200EF9E7C /* watchHeartRatePocApp.swift */,
				23D97D3E290E5C0200EF9E7C /* ContentView.swift */,
				23D97D40290E5C0300EF9E7C /* Assets.xcassets */,
				23D97D42290E5C0300EF9E7C /* Preview Content */,
			);
			path = watchHeartRatePoc;
			sourceTree = "<group>";
		};
		23D97D42290E5C0300EF9E7C /* Preview Content */ = {
			isa = PBXGroup;
			children = (
				23D97D43290E5C0300EF9E7C /* Preview Assets.xcassets */,
			);
			path = "Preview Content";
			sourceTree = "<group>";
		};
		23D97D4D290E5C0300EF9E7C /* watchHeartRatePoc Watch App */ = {
			isa = PBXGroup;
			children = (
				23D97D4E290E5C0300EF9E7C /* watchHeartRatePocApp.swift */,
				23D97D50290E5C0300EF9E7C /* ContentView.swift */,
				23D97D52290E5C0400EF9E7C /* Assets.xcassets */,
				23D97D54290E5C0400EF9E7C /* Preview Content */,
			);
			path = "watchHeartRatePoc Watch App";
			sourceTree = "<group>";
		};
		23D97D54290E5C0400EF9E7C /* Preview Content */ = {
			isa = PBXGroup;
			children = (
				23D97D55290E5C0400EF9E7C /* Preview Assets.xcassets */,
			);
			path = "Preview Content";
			sourceTree = "<group>";
		};
/* End PBXGroup section */

/* Begin PBXNativeTarget section */
		23D97D38290E5C0200EF9E7C /* watchHeartRatePoc */ = {
			isa = PBXNativeTarget;
			buildConfigurationList = 23D97D5D290E5C0400EF9E7C /* Build configuration list for PBXNativeTarget "watchHeartRatePoc" */;
			buildPhases = (
				23D97D35290E5C0200EF9E7C /* Sources */,
				23D97D36290E5C0200EF9E7C /* Frameworks */,
				23D97D37290E5C0200EF9E7C /* Resources */,
				23D97D5C290E5C0400EF9E7C /* Embed Watch Content */,
			);
			buildRules = (
			);
			dependencies = (
				23D97D4C290E5C0300EF9E7C /* PBXTargetDependency */,
			);
			name = watchHeartRatePoc;
			productName = watchHeartRatePoc;
			productReference = 23D97D39290E5C0200EF9E7C /* watchHeartRatePoc.app */;
			productType = "com.apple.product-type.application";
		};
		23D97D48290E5C0300EF9E7C /* watchHeartRatePoc Watch App */ = {
			isa = PBXNativeTarget;
			buildConfigurationList = 23D97D59290E5C0400EF9E7C /* Build configuration list for PBXNativeTarget "watchHeartRatePoc Watch App" */;
			buildPhases = (
				23D97D45290E5C0300EF9E7C /* Sources */,
				23D97D46290E5C0300EF9E7C /* Frameworks */,
				23D97D47290E5C0300EF9E7C /* Resources */,
			);
			buildRules = (
			);
			dependencies = (
			);
			name = "watchHeartRatePoc Watch App";
			productName = "watchHeartRatePoc Watch App";
			productReference = 23D97D49290E5C0300EF9E7C /* watchHeartRatePoc Watch App.app */;
			productType = "com.apple.product-type.application";
		};
/* End PBXNativeTarget section */

/* Begin PBXProject section */
		23D97D31290E5C0200EF9E7C /* Project object */ = {
			isa = PBXProject;
			attributes = {
				BuildIndependentTargetsInParallel = 1;
				LastSwiftUpdateCheck = 1400;
				LastUpgradeCheck = 1400;
				TargetAttributes = {
					23D97D38290E5C0200EF9E7C = {
						CreatedOnToolsVersion = 14.0.1;
					};
					23D97D48290E5C0300EF9E7C = {
						CreatedOnToolsVersion = 14.0.1;
					};
				};
			};
			buildConfigurationList = 23D97D34290E5C0200EF9E7C /* Build configuration list for PBXProject "watchHeartRatePoc" */;
			compatibilityVersion = "Xcode 14.0";
			developmentRegion = en;
			hasScannedForEncodings = 0;
			knownRegions = (
				en,
				Base,
			);
			mainGroup = 23D97D30290E5C0200EF9E7C;
			productRefGroup = 23D97D3A290E5C0200EF9E7C /* Products */;
			projectDirPath = "";
			projectRoot = "";
			targets = (
				23D97D38290E5C0200EF9E7C /* watchHeartRatePoc */,
				23D97D48290E5C0300EF9E7C /* watchHeartRatePoc Watch App */,
			);
		};
/* End PBXProject section */

/* Begin PBXResourcesBuildPhase section */
		23D97D37290E5C0200EF9E7C /* Resources */ = {
			isa = PBXResourcesBuildPhase;
			buildActionMask = 2147483647;
			files = (
				23D97D44290E5C0300EF9E7C /* Preview Assets.xcassets in Resources */,
				23D97D41290E5C0300EF9E7C /* Assets.xcassets in Resources */,
			);
			runOnlyForDeploymentPostprocessing = 0;
		};
		23D97D47290E5C0300EF9E7C /* Resources */ = {
			isa = PBXResourcesBuildPhase;
			buildActionMask = 2147483647;
			files = (
				23D97D56290E5C0400EF9E7C /* Preview Assets.xcassets in Resources */,
				23D97D53290E5C0400EF9E7C /* Assets.xcassets in Resources */,
			);
			runOnlyForDeploymentPostprocessing = 0;
		};
/* End PBXResourcesBuildPhase section */

/* Begin PBXSourcesBuildPhase section */
		23D97D35290E5C0200EF9E7C /* Sources */ = {
			isa = PBXSourcesBuildPhase;
			buildActionMask = 2147483647;
			files = (
				23D97D3F290E5C0200EF9E7C /* ContentView.swift in Sources */,
				23D97D3D290E5C0200EF9E7C /* watchHeartRatePocApp.swift in Sources */,
			);
			runOnlyForDeploymentPostprocessing = 0;
		};
		23D97D45290E5C0300EF9E7C /* Sources */ = {
			isa = PBXSourcesBuildPhase;
			buildActionMask = 2147483647;
			files = (
				23D97D51290E5C0300EF9E7C /* ContentView.swift in Sources */,
				23D97D4F290E5C0300EF9E7C /* watchHeartRatePocApp.swift in Sources */,
			);
			runOnlyForDeploymentPostprocessing = 0;
		};
/* End PBXSourcesBuildPhase section */

/* Begin PBXTargetDependency section */
		23D97D4C290E5C0300EF9E7C /* PBXTargetDependency */ = {
			isa = PBXTargetDependency;
			target = 23D97D48290E5C0300EF9E7C /* watchHeartRatePoc Watch App */;
			targetProxy = 23D97D4B290E5C0300EF9E7C /* PBXContainerItemProxy */;
		};
/* End PBXTargetDependency section */

/* Begin XCBuildConfiguration section */
		23D97D57290E5C0400EF9E7C /* Debug */ = {
			isa = XCBuildConfiguration;
			buildSettings = {
				ALWAYS_SEARCH_USER_PATHS = NO;
				CLANG_ANALYZER_NONNULL = YES;
				CLANG_ANALYZER_NUMBER_OBJECT_CONVERSION = YES_AGGRESSIVE;
				CLANG_CXX_LANGUAGE_STANDARD = "gnu++20";
				CLANG_ENABLE_MODULES = YES;
				CLANG_ENABLE_OBJC_ARC = YES;
				CLANG_ENABLE_OBJC_WEAK = YES;
				CLANG_WARN_BLOCK_CAPTURE_AUTORELEASING = YES;
				CLANG_WARN_BOOL_CONVERSION = YES;
				CLANG_WARN_COMMA = YES;
				CLANG_WARN_CONSTANT_CONVERSION = YES;
				CLANG_WARN_DEPRECATED_OBJC_IMPLEMENTATIONS = YES;
				CLANG_WARN_DIRECT_OBJC_ISA_USAGE = YES_ERROR;
				CLANG_WARN_DOCUMENTATION_COMMENTS = YES;
				CLANG_WARN_EMPTY_BODY = YES;
				CLANG_WARN_ENUM_CONVERSION = YES;
				CLANG_WARN_INFINITE_RECURSION = YES;
				CLANG_WARN_INT_CONVERSION = YES;
				CLANG_WARN_NON_LITERAL_NULL_CONVERSION = YES;
				CLANG_WARN_OBJC_IMPLICIT_RETAIN_SELF = YES;
				CLANG_WARN_OBJC_LITERAL_CONVERSION = YES;
				CLANG_WARN_OBJC_ROOT_CLASS = YES_ERROR;
				CLANG_WARN_QUOTED_INCLUDE_IN_FRAMEWORK_HEADER = YES;
				CLANG_WARN_RANGE_LOOP_ANALYSIS = YES;
				CLANG_WARN_STRICT_PROTOTYPES = YES;
				CLANG_WARN_SUSPICIOUS_MOVE = YES;
				CLANG_WARN_UNGUARDED_AVAILABILITY = YES_AGGRESSIVE;
				CLANG_WARN_UNREACHABLE_CODE = YES;
				CLANG_WARN__DUPLICATE_METHOD_MATCH = YES;
				COPY_PHASE_STRIP = NO;
				DEBUG_INFORMATION_FORMAT = dwarf;
				ENABLE_STRICT_OBJC_MSGSEND = YES;
				ENABLE_TESTABILITY = YES;
				GCC_C_LANGUAGE_STANDARD = gnu11;
				GCC_DYNAMIC_NO_PIC = NO;
				GCC_NO_COMMON_BLOCKS = YES;
				GCC_OPTIMIZATION_LEVEL = 0;
				GCC_PREPROCESSOR_DEFINITIONS = (
					"DEBUG=1",
					"$(inherited)",
				);
				GCC_WARN_64_TO_32_BIT_CONVERSION = YES;
				GCC_WARN_ABOUT_RETURN_TYPE = YES_ERROR;
				GCC_WARN_UNDECLARED_SELECTOR = YES;
				GCC_WARN_UNINITIALIZED_AUTOS = YES_AGGRESSIVE;
				GCC_WARN_UNUSED_FUNCTION = YES;
				GCC_WARN_UNUSED_VARIABLE = YES;
				MTL_ENABLE_DEBUG_INFO = INCLUDE_SOURCE;
				MTL_FAST_MATH = YES;
				ONLY_ACTIVE_ARCH = YES;
				SWIFT_ACTIVE_COMPILATION_CONDITIONS = DEBUG;
				SWIFT_OPTIMIZATION_LEVEL = "-Onone";
			};
			name = Debug;
		};
		23D97D58290E5C0400EF9E7C /* Release */ = {
			isa = XCBuildConfiguration;
			buildSettings = {
				ALWAYS_SEARCH_USER_PATHS = NO;
				CLANG_ANALYZER_NONNULL = YES;
				CLANG_ANALYZER_NUMBER_OBJECT_CONVERSION = YES_AGGRESSIVE;
				CLANG_CXX_LANGUAGE_STANDARD = "gnu++20";
				CLANG_ENABLE_MODULES = YES;
				CLANG_ENABLE_OBJC_ARC = YES;
				CLANG_ENABLE_OBJC_WEAK = YES;
				CLANG_WARN_BLOCK_CAPTURE_AUTORELEASING = YES;
				CLANG_WARN_BOOL_CONVERSION = YES;
				CLANG_WARN_COMMA = YES;
				CLANG_WARN_CONSTANT_CONVERSION = YES;
				CLANG_WARN_DEPRECATED_OBJC_IMPLEMENTATIONS = YES;
				CLANG_WARN_DIRECT_OBJC_ISA_USAGE = YES_ERROR;
				CLANG_WARN_DOCUMENTATION_COMMENTS = YES;
				CLANG_WARN_EMPTY_BODY = YES;
				CLANG_WARN_ENUM_CONVERSION = YES;
				CLANG_WARN_INFINITE_RECURSION = YES;
				CLANG_WARN_INT_CONVERSION = YES;
				CLANG_WARN_NON_LITERAL_NULL_CONVERSION = YES;
				CLANG_WARN_OBJC_IMPLICIT_RETAIN_SELF = YES;
				CLANG_WARN_OBJC_LITERAL_CONVERSION = YES;
				CLANG_WARN_OBJC_ROOT_CLASS = YES_ERROR;
				CLANG_WARN_QUOTED_INCLUDE_IN_FRAMEWORK_HEADER = YES;
				CLANG_WARN_RANGE_LOOP_ANALYSIS = YES;
				CLANG_WARN_STRICT_PROTOTYPES = YES;
				CLANG_WARN_SUSPICIOUS_MOVE = YES;
				CLANG_WARN_UNGUARDED_AVAILABILITY = YES_AGGRESSIVE;
				CLANG_WARN_UNREACHABLE_CODE = YES;
				CLANG_WARN__DUPLICATE_METHOD_MATCH = YES;
				COPY_PHASE_STRIP = NO;
				DEBUG_INFORMATION_FORMAT = "dwarf-with-dsym";
				ENABLE_NS_ASSERTIONS = NO;
				ENABLE_STRICT_OBJC_MSGSEND = YES;
				GCC_C_LANGUAGE_STANDARD = gnu11;
				GCC_NO_COMMON_BLOCKS = YES;
				GCC_WARN_64_TO_32_BIT_CONVERSION = YES;
				GCC_WARN_ABOUT_RETURN_TYPE = YES_ERROR;
				GCC_WARN_UNDECLARED_SELECTOR = YES;
				GCC_WARN_UNINITIALIZED_AUTOS = YES_AGGRESSIVE;
				GCC_WARN_UNUSED_FUNCTION = YES;
				GCC_WARN_UNUSED_VARIABLE = YES;
				MTL_ENABLE_DEBUG_INFO = NO;
				MTL_FAST_MATH = YES;
				SWIFT_COMPILATION_MODE = wholemodule;
				SWIFT_OPTIMIZATION_LEVEL = "-O";
			};
			name = Release;
		};
		23D97D5A290E5C0400EF9E7C /* Debug */ = {
			isa = XCBuildConfiguration;
			buildSettings = {
				ASSETCATALOG_COMPILER_APPICON_NAME = AppIcon;
				ASSETCATALOG_COMPILER_GLOBAL_ACCENT_COLOR_NAME = AccentColor;
				CODE_SIGN_STYLE = Automatic;
				CURRENT_PROJECT_VERSION = 1;
				DEVELOPMENT_ASSET_PATHS = "\"watchHeartRatePoc Watch App/Preview Content\"";
				DEVELOPMENT_TEAM = S4J9W822QP;
				ENABLE_PREVIEWS = YES;
				GENERATE_INFOPLIST_FILE = YES;
				INFOPLIST_KEY_CFBundleDisplayName = watchHeartRatePoc;
				INFOPLIST_KEY_UISupportedInterfaceOrientations = "UIInterfaceOrientationPortrait UIInterfaceOrientationPortraitUpsideDown";
				INFOPLIST_KEY_WKCompanionAppBundleIdentifier = nl.daanvanberkel.watchHeartRatePoc;
				LD_RUNPATH_SEARCH_PATHS = (
					"$(inherited)",
					"@executable_path/Frameworks",
				);
				MARKETING_VERSION = 1.0;
				PRODUCT_BUNDLE_IDENTIFIER = nl.daanvanberkel.watchHeartRatePoc.watchkitapp;
				PRODUCT_NAME = "$(TARGET_NAME)";
				SDKROOT = watchos;
				SKIP_INSTALL = YES;
				SWIFT_EMIT_LOC_STRINGS = YES;
				SWIFT_VERSION = 5.0;
				TARGETED_DEVICE_FAMILY = 4;
				WATCHOS_DEPLOYMENT_TARGET = 9.0;
			};
			name = Debug;
		};
		23D97D5B290E5C0400EF9E7C /* Release */ = {
			isa = XCBuildConfiguration;
			buildSettings = {
				ASSETCATALOG_COMPILER_APPICON_NAME = AppIcon;
				ASSETCATALOG_COMPILER_GLOBAL_ACCENT_COLOR_NAME = AccentColor;
				CODE_SIGN_STYLE = Automatic;
				CURRENT_PROJECT_VERSION = 1;
				DEVELOPMENT_ASSET_PATHS = "\"watchHeartRatePoc Watch App/Preview Content\"";
				DEVELOPMENT_TEAM = S4J9W822QP;
				ENABLE_PREVIEWS = YES;
				GENERATE_INFOPLIST_FILE = YES;
				INFOPLIST_KEY_CFBundleDisplayName = watchHeartRatePoc;
				INFOPLIST_KEY_UISupportedInterfaceOrientations = "UIInterfaceOrientationPortrait UIInterfaceOrientationPortraitUpsideDown";
				INFOPLIST_KEY_WKCompanionAppBundleIdentifier = nl.daanvanberkel.watchHeartRatePoc;
				LD_RUNPATH_SEARCH_PATHS = (
					"$(inherited)",
					"@executable_path/Frameworks",
				);
				MARKETING_VERSION = 1.0;
				PRODUCT_BUNDLE_IDENTIFIER = nl.daanvanberkel.watchHeartRatePoc.watchkitapp;
				PRODUCT_NAME = "$(TARGET_NAME)";
				SDKROOT = watchos;
				SKIP_INSTALL = YES;
				SWIFT_EMIT_LOC_STRINGS = YES;
				SWIFT_VERSION = 5.0;
				TARGETED_DEVICE_FAMILY = 4;
				VALIDATE_PRODUCT = YES;
				WATCHOS_DEPLOYMENT_TARGET = 9.0;
			};
			name = Release;
		};
		23D97D5E290E5C0400EF9E7C /* Debug */ = {
			isa = XCBuildConfiguration;
			buildSettings = {
				ALWAYS_EMBED_SWIFT_STANDARD_LIBRARIES = YES;
				ASSETCATALOG_COMPILER_APPICON_NAME = AppIcon;
				ASSETCATALOG_COMPILER_GLOBAL_ACCENT_COLOR_NAME = AccentColor;
				CODE_SIGN_STYLE = Automatic;
				CURRENT_PROJECT_VERSION = 1;
				DEVELOPMENT_ASSET_PATHS = "\"watchHeartRatePoc/Preview Content\"";
				DEVELOPMENT_TEAM = S4J9W822QP;
				ENABLE_PREVIEWS = YES;
				GENERATE_INFOPLIST_FILE = YES;
				INFOPLIST_KEY_CFBundleDisplayName = watchHeartRatePoc;
				INFOPLIST_KEY_UIApplicationSceneManifest_Generation = YES;
				INFOPLIST_KEY_UIApplicationSupportsIndirectInputEvents = YES;
				INFOPLIST_KEY_UILaunchScreen_Generation = YES;
				INFOPLIST_KEY_UISupportedInterfaceOrientations_iPad = "UIInterfaceOrientationPortrait UIInterfaceOrientationPortraitUpsideDown UIInterfaceOrientationLandscapeLeft UIInterfaceOrientationLandscapeRight";
				INFOPLIST_KEY_UISupportedInterfaceOrientations_iPhone = "UIInterfaceOrientationPortrait UIInterfaceOrientationLandscapeLeft UIInterfaceOrientationLandscapeRight";
				IPHONEOS_DEPLOYMENT_TARGET = 16.0;
				LD_RUNPATH_SEARCH_PATHS = (
					"$(inherited)",
					"@executable_path/Frameworks",
				);
				MARKETING_VERSION = 1.0;
				PRODUCT_BUNDLE_IDENTIFIER = nl.daanvanberkel.watchHeartRatePoc;
				PRODUCT_NAME = "$(TARGET_NAME)";
				SDKROOT = iphoneos;
				SWIFT_EMIT_LOC_STRINGS = YES;
				SWIFT_VERSION = 5.0;
				TARGETED_DEVICE_FAMILY = "1,2";
			};
			name = Debug;
		};
		23D97D5F290E5C0400EF9E7C /* Release */ = {
			isa = XCBuildConfiguration;
			buildSettings = {
				ALWAYS_EMBED_SWIFT_STANDARD_LIBRARIES = YES;
				ASSETCATALOG_COMPILER_APPICON_NAME = AppIcon;
				ASSETCATALOG_COMPILER_GLOBAL_ACCENT_COLOR_NAME = AccentColor;
				CODE_SIGN_STYLE = Automatic;
				CURRENT_PROJECT_VERSION = 1;
				DEVELOPMENT_ASSET_PATHS = "\"watchHeartRatePoc/Preview Content\"";
				DEVELOPMENT_TEAM = S4J9W822QP;
				ENABLE_PREVIEWS = YES;
				GENERATE_INFOPLIST_FILE = YES;
				INFOPLIST_KEY_CFBundleDisplayName = watchHeartRatePoc;
				INFOPLIST_KEY_UIApplicationSceneManifest_Generation = YES;
				INFOPLIST_KEY_UIApplicationSupportsIndirectInputEvents = YES;
				INFOPLIST_KEY_UILaunchScreen_Generation = YES;
				INFOPLIST_KEY_UISupportedInterfaceOrientations_iPad = "UIInterfaceOrientationPortrait UIInterfaceOrientationPortraitUpsideDown UIInterfaceOrientationLandscapeLeft UIInterfaceOrientationLandscapeRight";
				INFOPLIST_KEY_UISupportedInterfaceOrientations_iPhone = "UIInterfaceOrientationPortrait UIInterfaceOrientationLandscapeLeft UIInterfaceOrientationLandscapeRight";
				IPHONEOS_DEPLOYMENT_TARGET = 16.0;
				LD_RUNPATH_SEARCH_PATHS = (
					"$(inherited)",
					"@executable_path/Frameworks",
				);
				MARKETING_VERSION = 1.0;
				PRODUCT_BUNDLE_IDENTIFIER = nl.daanvanberkel.watchHeartRatePoc;
				PRODUCT_NAME = "$(TARGET_NAME)";
				SDKROOT = iphoneos;
				SWIFT_EMIT_LOC_STRINGS = YES;
				SWIFT_VERSION = 5.0;
				TARGETED_DEVICE_FAMILY = "1,2";
				VALIDATE_PRODUCT = YES;
			};
			name = Release;
		};
/* End XCBuildConfiguration section */

/* Begin XCConfigurationList section */
		23D97D34290E5C0200EF9E7C /* Build configuration list for PBXProject "watchHeartRatePoc" */ = {
			isa = XCConfigurationList;
			buildConfigurations = (
				23D97D57290E5C0400EF9E7C /* Debug */,
				23D97D58290E5C0400EF9E7C /* Release */,
			);
			defaultConfigurationIsVisible = 0;
			defaultConfigurationName = Release;
		};
		23D97D59290E5C0400EF9E7C /* Build configuration list for PBXNativeTarget "watchHeartRatePoc Watch App" */ = {
			isa = XCConfigurationList;
			buildConfigurations = (
				23D97D5A290E5C0400EF9E7C /* Debug */,
				23D97D5B290E5C0400EF9E7C /* Release */,
			);
			defaultConfigurationIsVisible = 0;
			defaultConfigurationName = Release;
		};
		23D97D5D290E5C0400EF9E7C /* Build configuration list for PBXNativeTarget "watchHeartRatePoc" */ = {
			isa = XCConfigurationList;
			buildConfigurations = (
				23D97D5E290E5C0400EF9E7C /* Debug */,
				23D97D5F290E5C0400EF9E7C /* Release */,
			);
			defaultConfigurationIsVisible = 0;
			defaultConfigurationName = Release;
		};
/* End XCConfigurationList section */
	};
	rootObject = 23D97D31290E5C0200EF9E7C /* Project object */;
}
